// !$*UTF8*$!
{
	archiveVersion = 1;
	classes = {
	};
	objectVersion = 77;
	objects = {

/* Begin PBXBuildFile section */
		3460987C2D6843AF007E6C1E /* .gitignore in Resources */ = {isa = PBXBuildFile; fileRef = 3460987B2D6843A8007E6C1E /* .gitignore */; };
		3460987E2D68441C007E6C1E /* README.md in Resources */ = {isa = PBXBuildFile; fileRef = 3460987D2D684413007E6C1E /* README.md */; };
/* End PBXBuildFile section */

/* Begin PBXContainerItemProxy section */
		3460985D2D683726007E6C1E /* PBXContainerItemProxy */ = {
			isa = PBXContainerItemProxy;
			containerPortal = 346098442D683725007E6C1E /* Project object */;
			proxyType = 1;
			remoteGlobalIDString = 3460984B2D683725007E6C1E;
			remoteInfo = "BarRun_Mobile-UI";
		};
		346098672D683726007E6C1E /* PBXContainerItemProxy */ = {
			isa = PBXContainerItemProxy;
			containerPortal = 346098442D683725007E6C1E /* Project object */;
			proxyType = 1;
			remoteGlobalIDString = 3460984B2D683725007E6C1E;
			remoteInfo = "BarRun_Mobile-UI";
		};
/* End PBXContainerItemProxy section */

/* Begin PBXFileReference section */
		3460984C2D683725007E6C1E /* BarRun_Mobile-UI.app */ = {isa = PBXFileReference; explicitFileType = wrapper.application; includeInIndex = 0; path = "BarRun_Mobile-UI.app"; sourceTree = BUILT_PRODUCTS_DIR; };
		3460985C2D683726007E6C1E /* BarRun_Mobile-UITests.xctest */ = {isa = PBXFileReference; explicitFileType = wrapper.cfbundle; includeInIndex = 0; path = "BarRun_Mobile-UITests.xctest"; sourceTree = BUILT_PRODUCTS_DIR; };
		346098662D683726007E6C1E /* BarRun_Mobile-UIUITests.xctest */ = {isa = PBXFileReference; explicitFileType = wrapper.cfbundle; includeInIndex = 0; path = "BarRun_Mobile-UIUITests.xctest"; sourceTree = BUILT_PRODUCTS_DIR; };
		3460987B2D6843A8007E6C1E /* .gitignore */ = {isa = PBXFileReference; lastKnownFileType = text; path = .gitignore; sourceTree = "<group>"; };
		3460987D2D684413007E6C1E /* README.md */ = {isa = PBXFileReference; lastKnownFileType = net.daringfireball.markdown; path = README.md; sourceTree = "<group>"; };
/* End PBXFileReference section */

/* Begin PBXFileSystemSynchronizedRootGroup section */
		3460984E2D683725007E6C1E /* BarRun_Mobile-UI */ = {
			isa = PBXFileSystemSynchronizedRootGroup;
			path = "BarRun_Mobile-UI";
			sourceTree = "<group>";
		};
		3460985F2D683726007E6C1E /* BarRun_Mobile-UITests */ = {
			isa = PBXFileSystemSynchronizedRootGroup;
			path = "BarRun_Mobile-UITests";
			sourceTree = "<group>";
		};
		346098692D683726007E6C1E /* BarRun_Mobile-UIUITests */ = {
			isa = PBXFileSystemSynchronizedRootGroup;
			path = "BarRun_Mobile-UIUITests";
			sourceTree = "<group>";
		};
/* End PBXFileSystemSynchronizedRootGroup section */

/* Begin PBXFrameworksBuildPhase section */
		346098492D683725007E6C1E /* Frameworks */ = {
			isa = PBXFrameworksBuildPhase;
			buildActionMask = 2147483647;
			files = (
			);
			runOnlyForDeploymentPostprocessing = 0;
		};
		346098592D683726007E6C1E /* Frameworks */ = {
			isa = PBXFrameworksBuildPhase;
			buildActionMask = 2147483647;
			files = (
			);
			runOnlyForDeploymentPostprocessing = 0;
		};
		346098632D683726007E6C1E /* Frameworks */ = {
			isa = PBXFrameworksBuildPhase;
			buildActionMask = 2147483647;
			files = (
			);
			runOnlyForDeploymentPostprocessing = 0;
		};
/* End PBXFrameworksBuildPhase section */

/* Begin PBXGroup section */
		346098432D683725007E6C1E = {
			isa = PBXGroup;
			children = (
				3460987B2D6843A8007E6C1E /* .gitignore */,
				3460987D2D684413007E6C1E /* README.md */,
				3460984E2D683725007E6C1E /* BarRun_Mobile-UI */,
				3460985F2D683726007E6C1E /* BarRun_Mobile-UITests */,
				346098692D683726007E6C1E /* BarRun_Mobile-UIUITests */,
				3460984D2D683725007E6C1E /* Products */,
			);
			sourceTree = "<group>";
		};
		3460984D2D683725007E6C1E /* Products */ = {
			isa = PBXGroup;
			children = (
				3460984C2D683725007E6C1E /* BarRun_Mobile-UI.app */,
				3460985C2D683726007E6C1E /* BarRun_Mobile-UITests.xctest */,
				346098662D683726007E6C1E /* BarRun_Mobile-UIUITests.xctest */,
			);
			name = Products;
			sourceTree = "<group>";
		};
/* End PBXGroup section */

/* Begin PBXNativeTarget section */
		3460984B2D683725007E6C1E /* BarRun_Mobile-UI */ = {
			isa = PBXNativeTarget;
			buildConfigurationList = 346098702D683726007E6C1E /* Build configuration list for PBXNativeTarget "BarRun_Mobile-UI" */;
			buildPhases = (
				346098482D683725007E6C1E /* Sources */,
				346098492D683725007E6C1E /* Frameworks */,
				3460984A2D683725007E6C1E /* Resources */,
			);
			buildRules = (
			);
			dependencies = (
			);
			fileSystemSynchronizedGroups = (
				3460984E2D683725007E6C1E /* BarRun_Mobile-UI */,
			);
			name = "BarRun_Mobile-UI";
			packageProductDependencies = (
			);
			productName = "BarRun_Mobile-UI";
			productReference = 3460984C2D683725007E6C1E /* BarRun_Mobile-UI.app */;
			productType = "com.apple.product-type.application";
		};
		3460985B2D683726007E6C1E /* BarRun_Mobile-UITests */ = {
			isa = PBXNativeTarget;
			buildConfigurationList = 346098732D683726007E6C1E /* Build configuration list for PBXNativeTarget "BarRun_Mobile-UITests" */;
			buildPhases = (
				346098582D683726007E6C1E /* Sources */,
				346098592D683726007E6C1E /* Frameworks */,
				3460985A2D683726007E6C1E /* Resources */,
			);
			buildRules = (
			);
			dependencies = (
				3460985E2D683726007E6C1E /* PBXTargetDependency */,
			);
			fileSystemSynchronizedGroups = (
				3460985F2D683726007E6C1E /* BarRun_Mobile-UITests */,
			);
			name = "BarRun_Mobile-UITests";
			packageProductDependencies = (
			);
			productName = "BarRun_Mobile-UITests";
			productReference = 3460985C2D683726007E6C1E /* BarRun_Mobile-UITests.xctest */;
			productType = "com.apple.product-type.bundle.unit-test";
		};
		346098652D683726007E6C1E /* BarRun_Mobile-UIUITests */ = {
			isa = PBXNativeTarget;
			buildConfigurationList = 346098762D683726007E6C1E /* Build configuration list for PBXNativeTarget "BarRun_Mobile-UIUITests" */;
			buildPhases = (
				346098622D683726007E6C1E /* Sources */,
				346098632D683726007E6C1E /* Frameworks */,
				346098642D683726007E6C1E /* Resources */,
			);
			buildRules = (
			);
			dependencies = (
				346098682D683726007E6C1E /* PBXTargetDependency */,
			);
			fileSystemSynchronizedGroups = (
				346098692D683726007E6C1E /* BarRun_Mobile-UIUITests */,
			);
			name = "BarRun_Mobile-UIUITests";
			packageProductDependencies = (
			);
			productName = "BarRun_Mobile-UIUITests";
			productReference = 346098662D683726007E6C1E /* BarRun_Mobile-UIUITests.xctest */;
			productType = "com.apple.product-type.bundle.ui-testing";
		};
/* End PBXNativeTarget section */

/* Begin PBXProject section */
		346098442D683725007E6C1E /* Project object */ = {
			isa = PBXProject;
			attributes = {
				BuildIndependentTargetsInParallel = 1;
				LastSwiftUpdateCheck = 1620;
				LastUpgradeCheck = 1620;
				TargetAttributes = {
					3460984B2D683725007E6C1E = {
						CreatedOnToolsVersion = 16.2;
					};
					3460985B2D683726007E6C1E = {
						CreatedOnToolsVersion = 16.2;
						TestTargetID = 3460984B2D683725007E6C1E;
					};
					346098652D683726007E6C1E = {
						CreatedOnToolsVersion = 16.2;
						TestTargetID = 3460984B2D683725007E6C1E;
					};
				};
			};
			buildConfigurationList = 346098472D683725007E6C1E /* Build configuration list for PBXProject "BarRun_Mobile-UI" */;
			developmentRegion = en;
			hasScannedForEncodings = 0;
			knownRegions = (
				en,
				Base,
			);
			mainGroup = 346098432D683725007E6C1E;
			minimizedProjectReferenceProxies = 1;
			preferredProjectObjectVersion = 77;
			productRefGroup = 3460984D2D683725007E6C1E /* Products */;
			projectDirPath = "";
			projectRoot = "";
			targets = (
				3460984B2D683725007E6C1E /* BarRun_Mobile-UI */,
				3460985B2D683726007E6C1E /* BarRun_Mobile-UITests */,
				346098652D683726007E6C1E /* BarRun_Mobile-UIUITests */,
			);
		};
/* End PBXProject section */

/* Begin PBXResourcesBuildPhase section */
		3460984A2D683725007E6C1E /* Resources */ = {
			isa = PBXResourcesBuildPhase;
			buildActionMask = 2147483647;
			files = (
				3460987C2D6843AF007E6C1E /* .gitignore in Resources */,
				3460987E2D68441C007E6C1E /* README.md in Resources */,
			);
			runOnlyForDeploymentPostprocessing = 0;
		};
		3460985A2D683726007E6C1E /* Resources */ = {
			isa = PBXResourcesBuildPhase;
			buildActionMask = 2147483647;
			files = (
			);
			runOnlyForDeploymentPostprocessing = 0;
		};
		346098642D683726007E6C1E /* Resources */ = {
			isa = PBXResourcesBuildPhase;
			buildActionMask = 2147483647;
			files = (
			);
			runOnlyForDeploymentPostprocessing = 0;
		};
/* End PBXResourcesBuildPhase section */

/* Begin PBXSourcesBuildPhase section */
		346098482D683725007E6C1E /* Sources */ = {
			isa = PBXSourcesBuildPhase;
			buildActionMask = 2147483647;
			files = (
			);
			runOnlyForDeploymentPostprocessing = 0;
		};
		346098582D683726007E6C1E /* Sources */ = {
			isa = PBXSourcesBuildPhase;
			buildActionMask = 2147483647;
			files = (
			);
			runOnlyForDeploymentPostprocessing = 0;
		};
		346098622D683726007E6C1E /* Sources */ = {
			isa = PBXSourcesBuildPhase;
			buildActionMask = 2147483647;
			files = (
			);
			runOnlyForDeploymentPostprocessing = 0;
		};
/* End PBXSourcesBuildPhase section */

/* Begin PBXTargetDependency section */
		3460985E2D683726007E6C1E /* PBXTargetDependency */ = {
			isa = PBXTargetDependency;
			target = 3460984B2D683725007E6C1E /* BarRun_Mobile-UI */;
			targetProxy = 3460985D2D683726007E6C1E /* PBXContainerItemProxy */;
		};
		346098682D683726007E6C1E /* PBXTargetDependency */ = {
			isa = PBXTargetDependency;
			target = 3460984B2D683725007E6C1E /* BarRun_Mobile-UI */;
			targetProxy = 346098672D683726007E6C1E /* PBXContainerItemProxy */;
		};
/* End PBXTargetDependency section */

/* Begin XCBuildConfiguration section */
		3460986E2D683726007E6C1E /* Debug */ = {
			isa = XCBuildConfiguration;
			buildSettings = {
				ALWAYS_SEARCH_USER_PATHS = NO;
				ASSETCATALOG_COMPILER_GENERATE_SWIFT_ASSET_SYMBOL_EXTENSIONS = YES;
				CLANG_ANALYZER_NONNULL = YES;
				CLANG_ANALYZER_NUMBER_OBJECT_CONVERSION = YES_AGGRESSIVE;
				CLANG_CXX_LANGUAGE_STANDARD = "gnu++20";
				CLANG_ENABLE_MODULES = YES;
				CLANG_ENABLE_OBJC_ARC = YES;
				CLANG_ENABLE_OBJC_WEAK = YES;
				CLANG_WARN_BLOCK_CAPTURE_AUTORELEASING = YES;
				CLANG_WARN_BOOL_CONVERSION = YES;
				CLANG_WARN_COMMA = YES;
				CLANG_WARN_CONSTANT_CONVERSION = YES;
				CLANG_WARN_DEPRECATED_OBJC_IMPLEMENTATIONS = YES;
				CLANG_WARN_DIRECT_OBJC_ISA_USAGE = YES_ERROR;
				CLANG_WARN_DOCUMENTATION_COMMENTS = YES;
				CLANG_WARN_EMPTY_BODY = YES;
				CLANG_WARN_ENUM_CONVERSION = YES;
				CLANG_WARN_INFINITE_RECURSION = YES;
				CLANG_WARN_INT_CONVERSION = YES;
				CLANG_WARN_NON_LITERAL_NULL_CONVERSION = YES;
				CLANG_WARN_OBJC_IMPLICIT_RETAIN_SELF = YES;
				CLANG_WARN_OBJC_LITERAL_CONVERSION = YES;
				CLANG_WARN_OBJC_ROOT_CLASS = YES_ERROR;
				CLANG_WARN_QUOTED_INCLUDE_IN_FRAMEWORK_HEADER = YES;
				CLANG_WARN_RANGE_LOOP_ANALYSIS = YES;
				CLANG_WARN_STRICT_PROTOTYPES = YES;
				CLANG_WARN_SUSPICIOUS_MOVE = YES;
				CLANG_WARN_UNGUARDED_AVAILABILITY = YES_AGGRESSIVE;
				CLANG_WARN_UNREACHABLE_CODE = YES;
				CLANG_WARN__DUPLICATE_METHOD_MATCH = YES;
				COPY_PHASE_STRIP = NO;
				DEBUG_INFORMATION_FORMAT = dwarf;
				ENABLE_STRICT_OBJC_MSGSEND = YES;
				ENABLE_TESTABILITY = YES;
				ENABLE_USER_SCRIPT_SANDBOXING = YES;
				GCC_C_LANGUAGE_STANDARD = gnu17;
				GCC_DYNAMIC_NO_PIC = NO;
				GCC_NO_COMMON_BLOCKS = YES;
				GCC_OPTIMIZATION_LEVEL = 0;
				GCC_PREPROCESSOR_DEFINITIONS = (
					"DEBUG=1",
					"$(inherited)",
				);
				GCC_WARN_64_TO_32_BIT_CONVERSION = YES;
				GCC_WARN_ABOUT_RETURN_TYPE = YES_ERROR;
				GCC_WARN_UNDECLARED_SELECTOR = YES;
				GCC_WARN_UNINITIALIZED_AUTOS = YES_AGGRESSIVE;
				GCC_WARN_UNUSED_FUNCTION = YES;
				GCC_WARN_UNUSED_VARIABLE = YES;
				IPHONEOS_DEPLOYMENT_TARGET = 18.2;
				LOCALIZATION_PREFERS_STRING_CATALOGS = YES;
				MTL_ENABLE_DEBUG_INFO = INCLUDE_SOURCE;
				MTL_FAST_MATH = YES;
				ONLY_ACTIVE_ARCH = YES;
				SDKROOT = iphoneos;
				SWIFT_ACTIVE_COMPILATION_CONDITIONS = "DEBUG $(inherited)";
				SWIFT_OPTIMIZATION_LEVEL = "-Onone";
			};
			name = Debug;
		};
		3460986F2D683726007E6C1E /* Release */ = {
			isa = XCBuildConfiguration;
			buildSettings = {
				ALWAYS_SEARCH_USER_PATHS = NO;
				ASSETCATALOG_COMPILER_GENERATE_SWIFT_ASSET_SYMBOL_EXTENSIONS = YES;
				CLANG_ANALYZER_NONNULL = YES;
				CLANG_ANALYZER_NUMBER_OBJECT_CONVERSION = YES_AGGRESSIVE;
				CLANG_CXX_LANGUAGE_STANDARD = "gnu++20";
				CLANG_ENABLE_MODULES = YES;
				CLANG_ENABLE_OBJC_ARC = YES;
				CLANG_ENABLE_OBJC_WEAK = YES;
				CLANG_WARN_BLOCK_CAPTURE_AUTORELEASING = YES;
				CLANG_WARN_BOOL_CONVERSION = YES;
				CLANG_WARN_COMMA = YES;
				CLANG_WARN_CONSTANT_CONVERSION = YES;
				CLANG_WARN_DEPRECATED_OBJC_IMPLEMENTATIONS = YES;
				CLANG_WARN_DIRECT_OBJC_ISA_USAGE = YES_ERROR;
				CLANG_WARN_DOCUMENTATION_COMMENTS = YES;
				CLANG_WARN_EMPTY_BODY = YES;
				CLANG_WARN_ENUM_CONVERSION = YES;
				CLANG_WARN_INFINITE_RECURSION = YES;
				CLANG_WARN_INT_CONVERSION = YES;
				CLANG_WARN_NON_LITERAL_NULL_CONVERSION = YES;
				CLANG_WARN_OBJC_IMPLICIT_RETAIN_SELF = YES;
				CLANG_WARN_OBJC_LITERAL_CONVERSION = YES;
				CLANG_WARN_OBJC_ROOT_CLASS = YES_ERROR;
				CLANG_WARN_QUOTED_INCLUDE_IN_FRAMEWORK_HEADER = YES;
				CLANG_WARN_RANGE_LOOP_ANALYSIS = YES;
				CLANG_WARN_STRICT_PROTOTYPES = YES;
				CLANG_WARN_SUSPICIOUS_MOVE = YES;
				CLANG_WARN_UNGUARDED_AVAILABILITY = YES_AGGRESSIVE;
				CLANG_WARN_UNREACHABLE_CODE = YES;
				CLANG_WARN__DUPLICATE_METHOD_MATCH = YES;
				COPY_PHASE_STRIP = NO;
				DEBUG_INFORMATION_FORMAT = "dwarf-with-dsym";
				ENABLE_NS_ASSERTIONS = NO;
				ENABLE_STRICT_OBJC_MSGSEND = YES;
				ENABLE_USER_SCRIPT_SANDBOXING = YES;
				GCC_C_LANGUAGE_STANDARD = gnu17;
				GCC_NO_COMMON_BLOCKS = YES;
				GCC_WARN_64_TO_32_BIT_CONVERSION = YES;
				GCC_WARN_ABOUT_RETURN_TYPE = YES_ERROR;
				GCC_WARN_UNDECLARED_SELECTOR = YES;
				GCC_WARN_UNINITIALIZED_AUTOS = YES_AGGRESSIVE;
				GCC_WARN_UNUSED_FUNCTION = YES;
				GCC_WARN_UNUSED_VARIABLE = YES;
				IPHONEOS_DEPLOYMENT_TARGET = 18.2;
				LOCALIZATION_PREFERS_STRING_CATALOGS = YES;
				MTL_ENABLE_DEBUG_INFO = NO;
				MTL_FAST_MATH = YES;
				SDKROOT = iphoneos;
				SWIFT_COMPILATION_MODE = wholemodule;
				VALIDATE_PRODUCT = YES;
			};
			name = Release;
		};
		346098712D683726007E6C1E /* Debug */ = {
			isa = XCBuildConfiguration;
			buildSettings = {
				ASSETCATALOG_COMPILER_APPICON_NAME = AppIcon;
				ASSETCATALOG_COMPILER_GLOBAL_ACCENT_COLOR_NAME = AccentColor;
				CODE_SIGN_STYLE = Automatic;
				CURRENT_PROJECT_VERSION = 1;
				DEVELOPMENT_ASSET_PATHS = "\"BarRun_Mobile-UI/Preview Content\"";
				ENABLE_PREVIEWS = YES;
				GENERATE_INFOPLIST_FILE = YES;
				INFOPLIST_KEY_UIApplicationSceneManifest_Generation = YES;
				INFOPLIST_KEY_UIApplicationSupportsIndirectInputEvents = YES;
				INFOPLIST_KEY_UILaunchScreen_Generation = YES;
				INFOPLIST_KEY_UISupportedInterfaceOrientations_iPad = "UIInterfaceOrientationPortrait UIInterfaceOrientationPortraitUpsideDown UIInterfaceOrientationLandscapeLeft UIInterfaceOrientationLandscapeRight";
				INFOPLIST_KEY_UISupportedInterfaceOrientations_iPhone = "UIInterfaceOrientationPortrait UIInterfaceOrientationLandscapeLeft UIInterfaceOrientationLandscapeRight";
				LD_RUNPATH_SEARCH_PATHS = (
					"$(inherited)",
					"@executable_path/Frameworks",
				);
				MARKETING_VERSION = 1.0;
				PRODUCT_BUNDLE_IDENTIFIER = "com.jaxcode.BarRun-Mobile-UI";
				PRODUCT_NAME = "$(TARGET_NAME)";
				SWIFT_EMIT_LOC_STRINGS = YES;
				SWIFT_VERSION = 5.0;
				TARGETED_DEVICE_FAMILY = "1,2";
			};
			name = Debug;
		};
		346098722D683726007E6C1E /* Release */ = {
			isa = XCBuildConfiguration;
			buildSettings = {
				ASSETCATALOG_COMPILER_APPICON_NAME = AppIcon;
				ASSETCATALOG_COMPILER_GLOBAL_ACCENT_COLOR_NAME = AccentColor;
				CODE_SIGN_STYLE = Automatic;
				CURRENT_PROJECT_VERSION = 1;
				DEVELOPMENT_ASSET_PATHS = "\"BarRun_Mobile-UI/Preview Content\"";
				ENABLE_PREVIEWS = YES;
				GENERATE_INFOPLIST_FILE = YES;
				INFOPLIST_KEY_UIApplicationSceneManifest_Generation = YES;
				INFOPLIST_KEY_UIApplicationSupportsIndirectInputEvents = YES;
				INFOPLIST_KEY_UILaunchScreen_Generation = YES;
				INFOPLIST_KEY_UISupportedInterfaceOrientations_iPad = "UIInterfaceOrientationPortrait UIInterfaceOrientationPortraitUpsideDown UIInterfaceOrientationLandscapeLeft UIInterfaceOrientationLandscapeRight";
				INFOPLIST_KEY_UISupportedInterfaceOrientations_iPhone = "UIInterfaceOrientationPortrait UIInterfaceOrientationLandscapeLeft UIInterfaceOrientationLandscapeRight";
				LD_RUNPATH_SEARCH_PATHS = (
					"$(inherited)",
					"@executable_path/Frameworks",
				);
				MARKETING_VERSION = 1.0;
				PRODUCT_BUNDLE_IDENTIFIER = "com.jaxcode.BarRun-Mobile-UI";
				PRODUCT_NAME = "$(TARGET_NAME)";
				SWIFT_EMIT_LOC_STRINGS = YES;
				SWIFT_VERSION = 5.0;
				TARGETED_DEVICE_FAMILY = "1,2";
			};
			name = Release;
		};
		346098742D683726007E6C1E /* Debug */ = {
			isa = XCBuildConfiguration;
			buildSettings = {
				BUNDLE_LOADER = "$(TEST_HOST)";
				CODE_SIGN_STYLE = Automatic;
				CURRENT_PROJECT_VERSION = 1;
				GENERATE_INFOPLIST_FILE = YES;
				IPHONEOS_DEPLOYMENT_TARGET = 18.2;
				MARKETING_VERSION = 1.0;
				PRODUCT_BUNDLE_IDENTIFIER = "com.jaxcode.BarRun-Mobile-UITests";
				PRODUCT_NAME = "$(TARGET_NAME)";
				SWIFT_EMIT_LOC_STRINGS = NO;
				SWIFT_VERSION = 5.0;
				TARGETED_DEVICE_FAMILY = "1,2";
				TEST_HOST = "$(BUILT_PRODUCTS_DIR)/BarRun_Mobile-UI.app/$(BUNDLE_EXECUTABLE_FOLDER_PATH)/BarRun_Mobile-UI";
			};
			name = Debug;
		};
		346098752D683726007E6C1E /* Release */ = {
			isa = XCBuildConfiguration;
			buildSettings = {
				BUNDLE_LOADER = "$(TEST_HOST)";
				CODE_SIGN_STYLE = Automatic;
				CURRENT_PROJECT_VERSION = 1;
				GENERATE_INFOPLIST_FILE = YES;
				IPHONEOS_DEPLOYMENT_TARGET = 18.2;
				MARKETING_VERSION = 1.0;
				PRODUCT_BUNDLE_IDENTIFIER = "com.jaxcode.BarRun-Mobile-UITests";
				PRODUCT_NAME = "$(TARGET_NAME)";
				SWIFT_EMIT_LOC_STRINGS = NO;
				SWIFT_VERSION = 5.0;
				TARGETED_DEVICE_FAMILY = "1,2";
				TEST_HOST = "$(BUILT_PRODUCTS_DIR)/BarRun_Mobile-UI.app/$(BUNDLE_EXECUTABLE_FOLDER_PATH)/BarRun_Mobile-UI";
			};
			name = Release;
		};
		346098772D683726007E6C1E /* Debug */ = {
			isa = XCBuildConfiguration;
			buildSettings = {
				CODE_SIGN_STYLE = Automatic;
				CURRENT_PROJECT_VERSION = 1;
				GENERATE_INFOPLIST_FILE = YES;
				MARKETING_VERSION = 1.0;
				PRODUCT_BUNDLE_IDENTIFIER = "com.jaxcode.BarRun-Mobile-UIUITests";
				PRODUCT_NAME = "$(TARGET_NAME)";
				SWIFT_EMIT_LOC_STRINGS = NO;
				SWIFT_VERSION = 5.0;
				TARGETED_DEVICE_FAMILY = "1,2";
				TEST_TARGET_NAME = "BarRun_Mobile-UI";
			};
			name = Debug;
		};
		346098782D683726007E6C1E /* Release */ = {
			isa = XCBuildConfiguration;
			buildSettings = {
				CODE_SIGN_STYLE = Automatic;
				CURRENT_PROJECT_VERSION = 1;
				GENERATE_INFOPLIST_FILE = YES;
				MARKETING_VERSION = 1.0;
				PRODUCT_BUNDLE_IDENTIFIER = "com.jaxcode.BarRun-Mobile-UIUITests";
				PRODUCT_NAME = "$(TARGET_NAME)";
				SWIFT_EMIT_LOC_STRINGS = NO;
				SWIFT_VERSION = 5.0;
				TARGETED_DEVICE_FAMILY = "1,2";
				TEST_TARGET_NAME = "BarRun_Mobile-UI";
			};
			name = Release;
		};
/* End XCBuildConfiguration section */

/* Begin XCConfigurationList section */
		346098472D683725007E6C1E /* Build configuration list for PBXProject "BarRun_Mobile-UI" */ = {
			isa = XCConfigurationList;
			buildConfigurations = (
				3460986E2D683726007E6C1E /* Debug */,
				3460986F2D683726007E6C1E /* Release */,
			);
			defaultConfigurationIsVisible = 0;
			defaultConfigurationName = Release;
		};
		346098702D683726007E6C1E /* Build configuration list for PBXNativeTarget "BarRun_Mobile-UI" */ = {
			isa = XCConfigurationList;
			buildConfigurations = (
				346098712D683726007E6C1E /* Debug */,
				346098722D683726007E6C1E /* Release */,
			);
			defaultConfigurationIsVisible = 0;
			defaultConfigurationName = Release;
		};
		346098732D683726007E6C1E /* Build configuration list for PBXNativeTarget "BarRun_Mobile-UITests" */ = {
			isa = XCConfigurationList;
			buildConfigurations = (
				346098742D683726007E6C1E /* Debug */,
				346098752D683726007E6C1E /* Release */,
			);
			defaultConfigurationIsVisible = 0;
			defaultConfigurationName = Release;
		};
		346098762D683726007E6C1E /* Build configuration list for PBXNativeTarget "BarRun_Mobile-UIUITests" */ = {
			isa = XCConfigurationList;
			buildConfigurations = (
				346098772D683726007E6C1E /* Debug */,
				346098782D683726007E6C1E /* Release */,
			);
			defaultConfigurationIsVisible = 0;
			defaultConfigurationName = Release;
		};
/* End XCConfigurationList section */
	};
	rootObject = 346098442D683725007E6C1E /* Project object */;
}
